// !$*UTF8*$!
{
	archiveVersion = 1;
	classes = {
	};
	objectVersion = 46;
	objects = {

/* Begin PBXBuildFile section */
		D7A588A219A23634005B13BA /* Cocoa.framework in Frameworks */ = {isa = PBXBuildFile; fileRef = D7A588A119A23634005B13BA /* Cocoa.framework */; };
		D7A588AC19A23634005B13BA /* InfoPlist.strings in Resources */ = {isa = PBXBuildFile; fileRef = D7A588AA19A23634005B13BA /* InfoPlist.strings */; };
		D7A588AE19A23634005B13BA /* main.m in Sources */ = {isa = PBXBuildFile; fileRef = D7A588AD19A23634005B13BA /* main.m */; };
		D7A588B219A23634005B13BA /* Credits.rtf in Resources */ = {isa = PBXBuildFile; fileRef = D7A588B019A23634005B13BA /* Credits.rtf */; };
		D7A588B519A23634005B13BA /* PJAppDelegate.m in Sources */ = {isa = PBXBuildFile; fileRef = D7A588B419A23634005B13BA /* PJAppDelegate.m */; };
		D7A588B819A23634005B13BA /* MainMenu.xib in Resources */ = {isa = PBXBuildFile; fileRef = D7A588B619A23634005B13BA /* MainMenu.xib */; };
		D7A588BA19A23634005B13BA /* Images.xcassets in Resources */ = {isa = PBXBuildFile; fileRef = D7A588B919A23634005B13BA /* Images.xcassets */; };
		D7A588C119A23634005B13BA /* XCTest.framework in Frameworks */ = {isa = PBXBuildFile; fileRef = D7A588C019A23634005B13BA /* XCTest.framework */; };
		D7A588C219A23634005B13BA /* Cocoa.framework in Frameworks */ = {isa = PBXBuildFile; fileRef = D7A588A119A23634005B13BA /* Cocoa.framework */; };
		D7A588CA19A23634005B13BA /* InfoPlist.strings in Resources */ = {isa = PBXBuildFile; fileRef = D7A588C819A23634005B13BA /* InfoPlist.strings */; };
		D7A588CC19A23634005B13BA /* CocoaControlsTests.m in Sources */ = {isa = PBXBuildFile; fileRef = D7A588CB19A23634005B13BA /* CocoaControlsTests.m */; };
		D7A588EA19A237F4005B13BA /* windows.plist in Resources */ = {isa = PBXBuildFile; fileRef = D7A588E919A237F4005B13BA /* windows.plist */; };
		D7A588EE19A238CE005B13BA /* PJButtonWindowController.m in Sources */ = {isa = PBXBuildFile; fileRef = D7A588EC19A238CE005B13BA /* PJButtonWindowController.m */; };
		D7A588EF19A238CE005B13BA /* PJButtonWindowController.xib in Resources */ = {isa = PBXBuildFile; fileRef = D7A588ED19A238CE005B13BA /* PJButtonWindowController.xib */; };
		D7A588F319A239E3005B13BA /* PJTextWindowController.m in Sources */ = {isa = PBXBuildFile; fileRef = D7A588F119A239E3005B13BA /* PJTextWindowController.m */; };
		D7A588F419A239E3005B13BA /* PJTextWindowController.xib in Resources */ = {isa = PBXBuildFile; fileRef = D7A588F219A239E3005B13BA /* PJTextWindowController.xib */; };
		D7A588F819A239F5005B13BA /* PJMenuWindowController.m in Sources */ = {isa = PBXBuildFile; fileRef = D7A588F619A239F5005B13BA /* PJMenuWindowController.m */; };
		D7A588F919A239F5005B13BA /* PJMenuWindowController.xib in Resources */ = {isa = PBXBuildFile; fileRef = D7A588F719A239F5005B13BA /* PJMenuWindowController.xib */; };
		D7A588FD19A23A05005B13BA /* PJTableWindowController.m in Sources */ = {isa = PBXBuildFile; fileRef = D7A588FB19A23A05005B13BA /* PJTableWindowController.m */; };
		D7A588FE19A23A05005B13BA /* PJTableWindowController.xib in Resources */ = {isa = PBXBuildFile; fileRef = D7A588FC19A23A05005B13BA /* PJTableWindowController.xib */; };
		D7A5890219A23A15005B13BA /* PJListWindowController.m in Sources */ = {isa = PBXBuildFile; fileRef = D7A5890019A23A15005B13BA /* PJListWindowController.m */; };
		D7A5890319A23A15005B13BA /* PJListWindowController.xib in Resources */ = {isa = PBXBuildFile; fileRef = D7A5890119A23A15005B13BA /* PJListWindowController.xib */; };
		D7A5890719A23A27005B13BA /* PJCollectionWindowController.m in Sources */ = {isa = PBXBuildFile; fileRef = D7A5890519A23A27005B13BA /* PJCollectionWindowController.m */; };
		D7A5890819A23A27005B13BA /* PJCollectionWindowController.xib in Resources */ = {isa = PBXBuildFile; fileRef = D7A5890619A23A27005B13BA /* PJCollectionWindowController.xib */; };
		D7A5890C19A23A38005B13BA /* PJViewWindowController.m in Sources */ = {isa = PBXBuildFile; fileRef = D7A5890A19A23A38005B13BA /* PJViewWindowController.m */; };
		D7A5890D19A23A38005B13BA /* PJViewWindowController.xib in Resources */ = {isa = PBXBuildFile; fileRef = D7A5890B19A23A38005B13BA /* PJViewWindowController.xib */; };
		D7A5891119A23A4B005B13BA /* PJImageWindowController.m in Sources */ = {isa = PBXBuildFile; fileRef = D7A5890F19A23A4B005B13BA /* PJImageWindowController.m */; };
		D7A5891219A23A4B005B13BA /* PJImageWindowController.xib in Resources */ = {isa = PBXBuildFile; fileRef = D7A5891019A23A4B005B13BA /* PJImageWindowController.xib */; };
		D7A5891619A23A5F005B13BA /* PJDnDWindowController.m in Sources */ = {isa = PBXBuildFile; fileRef = D7A5891419A23A5F005B13BA /* PJDnDWindowController.m */; };
		D7A5891719A23A5F005B13BA /* PJDnDWindowController.xib in Resources */ = {isa = PBXBuildFile; fileRef = D7A5891519A23A5F005B13BA /* PJDnDWindowController.xib */; };
		D7A5891B19A23A6F005B13BA /* PJTabWindowController.m in Sources */ = {isa = PBXBuildFile; fileRef = D7A5891919A23A6F005B13BA /* PJTabWindowController.m */; };
		D7A5891C19A23A6F005B13BA /* PJTabWindowController.xib in Resources */ = {isa = PBXBuildFile; fileRef = D7A5891A19A23A6F005B13BA /* PJTabWindowController.xib */; };
		D7A5892019A23A81005B13BA /* PJWindowWindowController.m in Sources */ = {isa = PBXBuildFile; fileRef = D7A5891E19A23A81005B13BA /* PJWindowWindowController.m */; };
		D7A5892119A23A81005B13BA /* PJWindowWindowController.xib in Resources */ = {isa = PBXBuildFile; fileRef = D7A5891F19A23A81005B13BA /* PJWindowWindowController.xib */; };
		D7A5892519A23A91005B13BA /* PJNavWindowController.m in Sources */ = {isa = PBXBuildFile; fileRef = D7A5892319A23A91005B13BA /* PJNavWindowController.m */; };
		D7A5892619A23A91005B13BA /* PJNavWindowController.xib in Resources */ = {isa = PBXBuildFile; fileRef = D7A5892419A23A91005B13BA /* PJNavWindowController.xib */; };
		D7A5892A19A23AA9005B13BA /* PJPreferenceWindowController.m in Sources */ = {isa = PBXBuildFile; fileRef = D7A5892819A23AA9005B13BA /* PJPreferenceWindowController.m */; };
		D7A5892B19A23AA9005B13BA /* PJPreferenceWindowController.xib in Resources */ = {isa = PBXBuildFile; fileRef = D7A5892919A23AA9005B13BA /* PJPreferenceWindowController.xib */; };
		D7A5892F19A23ABA005B13BA /* PJToolbarWindowController.m in Sources */ = {isa = PBXBuildFile; fileRef = D7A5892D19A23ABA005B13BA /* PJToolbarWindowController.m */; };
		D7A5893019A23ABA005B13BA /* PJToolbarWindowController.xib in Resources */ = {isa = PBXBuildFile; fileRef = D7A5892E19A23ABA005B13BA /* PJToolbarWindowController.xib */; };
		D7A5893419A23ACA005B13BA /* PJColorWindowController.m in Sources */ = {isa = PBXBuildFile; fileRef = D7A5893219A23ACA005B13BA /* PJColorWindowController.m */; };
		D7A5893519A23ACA005B13BA /* PJColorWindowController.xib in Resources */ = {isa = PBXBuildFile; fileRef = D7A5893319A23ACA005B13BA /* PJColorWindowController.xib */; };
		D7A5893919A23AD9005B13BA /* PJSliderWindowController.m in Sources */ = {isa = PBXBuildFile; fileRef = D7A5893719A23AD9005B13BA /* PJSliderWindowController.m */; };
		D7A5893A19A23AD9005B13BA /* PJSliderWindowController.xib in Resources */ = {isa = PBXBuildFile; fileRef = D7A5893819A23AD9005B13BA /* PJSliderWindowController.xib */; };
		D7A5893E19A23AF2005B13BA /* PJProgressbarWindowController.m in Sources */ = {isa = PBXBuildFile; fileRef = D7A5893C19A23AF2005B13BA /* PJProgressbarWindowController.m */; };
		D7A5893F19A23AF2005B13BA /* PJProgressbarWindowController.xib in Resources */ = {isa = PBXBuildFile; fileRef = D7A5893D19A23AF2005B13BA /* PJProgressbarWindowController.xib */; };
		D7A5894319A23B04005B13BA /* PJOpenGLWindowController.m in Sources */ = {isa = PBXBuildFile; fileRef = D7A5894119A23B04005B13BA /* PJOpenGLWindowController.m */; };
		D7A5894419A23B04005B13BA /* PJOpenGLWindowController.xib in Resources */ = {isa = PBXBuildFile; fileRef = D7A5894219A23B04005B13BA /* PJOpenGLWindowController.xib */; };
		D7A5894819A23B19005B13BA /* PJAVIWindowController.m in Sources */ = {isa = PBXBuildFile; fileRef = D7A5894619A23B19005B13BA /* PJAVIWindowController.m */; };
		D7A5894919A23B19005B13BA /* PJAVIWindowController.xib in Resources */ = {isa = PBXBuildFile; fileRef = D7A5894719A23B19005B13BA /* PJAVIWindowController.xib */; };
		D7A5894D19A23B32005B13BA /* PJWebViewWindowController.m in Sources */ = {isa = PBXBuildFile; fileRef = D7A5894B19A23B32005B13BA /* PJWebViewWindowController.m */; };
		D7A5894E19A23B32005B13BA /* PJWebViewWindowController.xib in Resources */ = {isa = PBXBuildFile; fileRef = D7A5894C19A23B32005B13BA /* PJWebViewWindowController.xib */; };
		D7A5895319A23B9D005B13BA /* PJSidebarWindowController.m in Sources */ = {isa = PBXBuildFile; fileRef = D7A5895119A23B9D005B13BA /* PJSidebarWindowController.m */; };
		D7A5895419A23B9D005B13BA /* PJSidebarWindowController.xib in Resources */ = {isa = PBXBuildFile; fileRef = D7A5895219A23B9D005B13BA /* PJSidebarWindowController.xib */; };
		D7A5895919A23BCE005B13BA /* PJHighlightWindowController.m in Sources */ = {isa = PBXBuildFile; fileRef = D7A5895719A23BCE005B13BA /* PJHighlightWindowController.m */; };
		D7A5895A19A23BCE005B13BA /* PJHighlightWindowController.xib in Resources */ = {isa = PBXBuildFile; fileRef = D7A5895819A23BCE005B13BA /* PJHighlightWindowController.xib */; };
		D7A5895F19A23BEB005B13BA /* PJAnimationWindowController.m in Sources */ = {isa = PBXBuildFile; fileRef = D7A5895D19A23BEB005B13BA /* PJAnimationWindowController.m */; };
		D7A5896019A23BEB005B13BA /* PJAnimationWindowController.xib in Resources */ = {isa = PBXBuildFile; fileRef = D7A5895E19A23BEB005B13BA /* PJAnimationWindowController.xib */; };
		D7A5896519A23C32005B13BA /* PJBindingWindowController.m in Sources */ = {isa = PBXBuildFile; fileRef = D7A5896319A23C32005B13BA /* PJBindingWindowController.m */; };
		D7A5896619A23C32005B13BA /* PJBindingWindowController.xib in Resources */ = {isa = PBXBuildFile; fileRef = D7A5896419A23C32005B13BA /* PJBindingWindowController.xib */; };
/* End PBXBuildFile section */

/* Begin PBXContainerItemProxy section */
		D7A588C319A23634005B13BA /* PBXContainerItemProxy */ = {
			isa = PBXContainerItemProxy;
			containerPortal = D7A5889619A23634005B13BA /* Project object */;
			proxyType = 1;
			remoteGlobalIDString = D7A5889D19A23634005B13BA;
			remoteInfo = CocoaControls;
		};
/* End PBXContainerItemProxy section */

/* Begin PBXFileReference section */
		D7A5889E19A23634005B13BA /* CocoaControls.app */ = {isa = PBXFileReference; explicitFileType = wrapper.application; includeInIndex = 0; path = CocoaControls.app; sourceTree = BUILT_PRODUCTS_DIR; };
		D7A588A119A23634005B13BA /* Cocoa.framework */ = {isa = PBXFileReference; lastKnownFileType = wrapper.framework; name = Cocoa.framework; path = System/Library/Frameworks/Cocoa.framework; sourceTree = SDKROOT; };
		D7A588A419A23634005B13BA /* AppKit.framework */ = {isa = PBXFileReference; lastKnownFileType = wrapper.framework; name = AppKit.framework; path = System/Library/Frameworks/AppKit.framework; sourceTree = SDKROOT; };
		D7A588A519A23634005B13BA /* CoreData.framework */ = {isa = PBXFileReference; lastKnownFileType = wrapper.framework; name = CoreData.framework; path = System/Library/Frameworks/CoreData.framework; sourceTree = SDKROOT; };
		D7A588A619A23634005B13BA /* Foundation.framework */ = {isa = PBXFileReference; lastKnownFileType = wrapper.framework; name = Foundation.framework; path = System/Library/Frameworks/Foundation.framework; sourceTree = SDKROOT; };
		D7A588A919A23634005B13BA /* CocoaControls-Info.plist */ = {isa = PBXFileReference; lastKnownFileType = text.plist.xml; path = "CocoaControls-Info.plist"; sourceTree = "<group>"; };
		D7A588AB19A23634005B13BA /* en */ = {isa = PBXFileReference; lastKnownFileType = text.plist.strings; name = en; path = en.lproj/InfoPlist.strings; sourceTree = "<group>"; };
		D7A588AD19A23634005B13BA /* main.m */ = {isa = PBXFileReference; lastKnownFileType = sourcecode.c.objc; path = main.m; sourceTree = "<group>"; };
		D7A588AF19A23634005B13BA /* CocoaControls-Prefix.pch */ = {isa = PBXFileReference; lastKnownFileType = sourcecode.c.h; path = "CocoaControls-Prefix.pch"; sourceTree = "<group>"; };
		D7A588B119A23634005B13BA /* en */ = {isa = PBXFileReference; lastKnownFileType = text.rtf; name = en; path = en.lproj/Credits.rtf; sourceTree = "<group>"; };
		D7A588B319A23634005B13BA /* PJAppDelegate.h */ = {isa = PBXFileReference; lastKnownFileType = sourcecode.c.h; path = PJAppDelegate.h; sourceTree = "<group>"; };
		D7A588B419A23634005B13BA /* PJAppDelegate.m */ = {isa = PBXFileReference; lastKnownFileType = sourcecode.c.objc; path = PJAppDelegate.m; sourceTree = "<group>"; };
		D7A588B719A23634005B13BA /* Base */ = {isa = PBXFileReference; lastKnownFileType = file.xib; name = Base; path = Base.lproj/MainMenu.xib; sourceTree = "<group>"; };
		D7A588B919A23634005B13BA /* Images.xcassets */ = {isa = PBXFileReference; lastKnownFileType = folder.assetcatalog; path = Images.xcassets; sourceTree = "<group>"; };
		D7A588BF19A23634005B13BA /* CocoaControlsTests.xctest */ = {isa = PBXFileReference; explicitFileType = wrapper.cfbundle; includeInIndex = 0; path = CocoaControlsTests.xctest; sourceTree = BUILT_PRODUCTS_DIR; };
		D7A588C019A23634005B13BA /* XCTest.framework */ = {isa = PBXFileReference; lastKnownFileType = wrapper.framework; name = XCTest.framework; path = Library/Frameworks/XCTest.framework; sourceTree = DEVELOPER_DIR; };
		D7A588C719A23634005B13BA /* CocoaControlsTests-Info.plist */ = {isa = PBXFileReference; lastKnownFileType = text.plist.xml; path = "CocoaControlsTests-Info.plist"; sourceTree = "<group>"; };
		D7A588C919A23634005B13BA /* en */ = {isa = PBXFileReference; lastKnownFileType = text.plist.strings; name = en; path = en.lproj/InfoPlist.strings; sourceTree = "<group>"; };
		D7A588CB19A23634005B13BA /* CocoaControlsTests.m */ = {isa = PBXFileReference; lastKnownFileType = sourcecode.c.objc; path = CocoaControlsTests.m; sourceTree = "<group>"; };
		D7A588E919A237F4005B13BA /* windows.plist */ = {isa = PBXFileReference; fileEncoding = 4; lastKnownFileType = text.plist.xml; path = windows.plist; sourceTree = "<group>"; };
		D7A588EB19A238CE005B13BA /* PJButtonWindowController.h */ = {isa = PBXFileReference; fileEncoding = 4; lastKnownFileType = sourcecode.c.h; name = PJButtonWindowController.h; path = Button/PJButtonWindowController.h; sourceTree = "<group>"; };
		D7A588EC19A238CE005B13BA /* PJButtonWindowController.m */ = {isa = PBXFileReference; fileEncoding = 4; lastKnownFileType = sourcecode.c.objc; name = PJButtonWindowController.m; path = Button/PJButtonWindowController.m; sourceTree = "<group>"; };
		D7A588ED19A238CE005B13BA /* PJButtonWindowController.xib */ = {isa = PBXFileReference; fileEncoding = 4; lastKnownFileType = file.xib; name = PJButtonWindowController.xib; path = Button/PJButtonWindowController.xib; sourceTree = "<group>"; };
		D7A588F019A239E3005B13BA /* PJTextWindowController.h */ = {isa = PBXFileReference; fileEncoding = 4; lastKnownFileType = sourcecode.c.h; name = PJTextWindowController.h; path = Text/PJTextWindowController.h; sourceTree = "<group>"; };
		D7A588F119A239E3005B13BA /* PJTextWindowController.m */ = {isa = PBXFileReference; fileEncoding = 4; lastKnownFileType = sourcecode.c.objc; name = PJTextWindowController.m; path = Text/PJTextWindowController.m; sourceTree = "<group>"; };
		D7A588F219A239E3005B13BA /* PJTextWindowController.xib */ = {isa = PBXFileReference; fileEncoding = 4; lastKnownFileType = file.xib; name = PJTextWindowController.xib; path = Text/PJTextWindowController.xib; sourceTree = "<group>"; };
		D7A588F519A239F5005B13BA /* PJMenuWindowController.h */ = {isa = PBXFileReference; fileEncoding = 4; lastKnownFileType = sourcecode.c.h; name = PJMenuWindowController.h; path = Menu/PJMenuWindowController.h; sourceTree = "<group>"; };
		D7A588F619A239F5005B13BA /* PJMenuWindowController.m */ = {isa = PBXFileReference; fileEncoding = 4; lastKnownFileType = sourcecode.c.objc; name = PJMenuWindowController.m; path = Menu/PJMenuWindowController.m; sourceTree = "<group>"; };
		D7A588F719A239F5005B13BA /* PJMenuWindowController.xib */ = {isa = PBXFileReference; fileEncoding = 4; lastKnownFileType = file.xib; name = PJMenuWindowController.xib; path = Menu/PJMenuWindowController.xib; sourceTree = "<group>"; };
		D7A588FA19A23A05005B13BA /* PJTableWindowController.h */ = {isa = PBXFileReference; fileEncoding = 4; lastKnownFileType = sourcecode.c.h; name = PJTableWindowController.h; path = Table/PJTableWindowController.h; sourceTree = "<group>"; };
		D7A588FB19A23A05005B13BA /* PJTableWindowController.m */ = {isa = PBXFileReference; fileEncoding = 4; lastKnownFileType = sourcecode.c.objc; name = PJTableWindowController.m; path = Table/PJTableWindowController.m; sourceTree = "<group>"; };
		D7A588FC19A23A05005B13BA /* PJTableWindowController.xib */ = {isa = PBXFileReference; fileEncoding = 4; lastKnownFileType = file.xib; name = PJTableWindowController.xib; path = Table/PJTableWindowController.xib; sourceTree = "<group>"; };
		D7A588FF19A23A15005B13BA /* PJListWindowController.h */ = {isa = PBXFileReference; fileEncoding = 4; lastKnownFileType = sourcecode.c.h; name = PJListWindowController.h; path = List/PJListWindowController.h; sourceTree = "<group>"; };
		D7A5890019A23A15005B13BA /* PJListWindowController.m */ = {isa = PBXFileReference; fileEncoding = 4; lastKnownFileType = sourcecode.c.objc; name = PJListWindowController.m; path = List/PJListWindowController.m; sourceTree = "<group>"; };
		D7A5890119A23A15005B13BA /* PJListWindowController.xib */ = {isa = PBXFileReference; fileEncoding = 4; lastKnownFileType = file.xib; name = PJListWindowController.xib; path = List/PJListWindowController.xib; sourceTree = "<group>"; };
		D7A5890419A23A27005B13BA /* PJCollectionWindowController.h */ = {isa = PBXFileReference; fileEncoding = 4; lastKnownFileType = sourcecode.c.h; name = PJCollectionWindowController.h; path = Collection/PJCollectionWindowController.h; sourceTree = "<group>"; };
		D7A5890519A23A27005B13BA /* PJCollectionWindowController.m */ = {isa = PBXFileReference; fileEncoding = 4; lastKnownFileType = sourcecode.c.objc; name = PJCollectionWindowController.m; path = Collection/PJCollectionWindowController.m; sourceTree = "<group>"; };
		D7A5890619A23A27005B13BA /* PJCollectionWindowController.xib */ = {isa = PBXFileReference; fileEncoding = 4; lastKnownFileType = file.xib; name = PJCollectionWindowController.xib; path = Collection/PJCollectionWindowController.xib; sourceTree = "<group>"; };
		D7A5890919A23A38005B13BA /* PJViewWindowController.h */ = {isa = PBXFileReference; fileEncoding = 4; lastKnownFileType = sourcecode.c.h; name = PJViewWindowController.h; path = View/PJViewWindowController.h; sourceTree = "<group>"; };
		D7A5890A19A23A38005B13BA /* PJViewWindowController.m */ = {isa = PBXFileReference; fileEncoding = 4; lastKnownFileType = sourcecode.c.objc; name = PJViewWindowController.m; path = View/PJViewWindowController.m; sourceTree = "<group>"; };
		D7A5890B19A23A38005B13BA /* PJViewWindowController.xib */ = {isa = PBXFileReference; fileEncoding = 4; lastKnownFileType = file.xib; name = PJViewWindowController.xib; path = View/PJViewWindowController.xib; sourceTree = "<group>"; };
		D7A5890E19A23A4B005B13BA /* PJImageWindowController.h */ = {isa = PBXFileReference; fileEncoding = 4; lastKnownFileType = sourcecode.c.h; name = PJImageWindowController.h; path = Image/PJImageWindowController.h; sourceTree = "<group>"; };
		D7A5890F19A23A4B005B13BA /* PJImageWindowController.m */ = {isa = PBXFileReference; fileEncoding = 4; lastKnownFileType = sourcecode.c.objc; name = PJImageWindowController.m; path = Image/PJImageWindowController.m; sourceTree = "<group>"; };
		D7A5891019A23A4B005B13BA /* PJImageWindowController.xib */ = {isa = PBXFileReference; fileEncoding = 4; lastKnownFileType = file.xib; name = PJImageWindowController.xib; path = Image/PJImageWindowController.xib; sourceTree = "<group>"; };
		D7A5891319A23A5F005B13BA /* PJDnDWindowController.h */ = {isa = PBXFileReference; fileEncoding = 4; lastKnownFileType = sourcecode.c.h; name = PJDnDWindowController.h; path = DnD/PJDnDWindowController.h; sourceTree = "<group>"; };
		D7A5891419A23A5F005B13BA /* PJDnDWindowController.m */ = {isa = PBXFileReference; fileEncoding = 4; lastKnownFileType = sourcecode.c.objc; name = PJDnDWindowController.m; path = DnD/PJDnDWindowController.m; sourceTree = "<group>"; };
		D7A5891519A23A5F005B13BA /* PJDnDWindowController.xib */ = {isa = PBXFileReference; fileEncoding = 4; lastKnownFileType = file.xib; name = PJDnDWindowController.xib; path = DnD/PJDnDWindowController.xib; sourceTree = "<group>"; };
		D7A5891819A23A6F005B13BA /* PJTabWindowController.h */ = {isa = PBXFileReference; fileEncoding = 4; lastKnownFileType = sourcecode.c.h; name = PJTabWindowController.h; path = Tab/PJTabWindowController.h; sourceTree = "<group>"; };
		D7A5891919A23A6F005B13BA /* PJTabWindowController.m */ = {isa = PBXFileReference; fileEncoding = 4; lastKnownFileType = sourcecode.c.objc; name = PJTabWindowController.m; path = Tab/PJTabWindowController.m; sourceTree = "<group>"; };
		D7A5891A19A23A6F005B13BA /* PJTabWindowController.xib */ = {isa = PBXFileReference; fileEncoding = 4; lastKnownFileType = file.xib; name = PJTabWindowController.xib; path = Tab/PJTabWindowController.xib; sourceTree = "<group>"; };
		D7A5891D19A23A81005B13BA /* PJWindowWindowController.h */ = {isa = PBXFileReference; fileEncoding = 4; lastKnownFileType = sourcecode.c.h; name = PJWindowWindowController.h; path = Window/PJWindowWindowController.h; sourceTree = "<group>"; };
		D7A5891E19A23A81005B13BA /* PJWindowWindowController.m */ = {isa = PBXFileReference; fileEncoding = 4; lastKnownFileType = sourcecode.c.objc; name = PJWindowWindowController.m; path = Window/PJWindowWindowController.m; sourceTree = "<group>"; };
		D7A5891F19A23A81005B13BA /* PJWindowWindowController.xib */ = {isa = PBXFileReference; fileEncoding = 4; lastKnownFileType = file.xib; name = PJWindowWindowController.xib; path = Window/PJWindowWindowController.xib; sourceTree = "<group>"; };
		D7A5892219A23A91005B13BA /* PJNavWindowController.h */ = {isa = PBXFileReference; fileEncoding = 4; lastKnownFileType = sourcecode.c.h; name = PJNavWindowController.h; path = Nav/PJNavWindowController.h; sourceTree = "<group>"; };
		D7A5892319A23A91005B13BA /* PJNavWindowController.m */ = {isa = PBXFileReference; fileEncoding = 4; lastKnownFileType = sourcecode.c.objc; name = PJNavWindowController.m; path = Nav/PJNavWindowController.m; sourceTree = "<group>"; };
		D7A5892419A23A91005B13BA /* PJNavWindowController.xib */ = {isa = PBXFileReference; fileEncoding = 4; lastKnownFileType = file.xib; name = PJNavWindowController.xib; path = Nav/PJNavWindowController.xib; sourceTree = "<group>"; };
		D7A5892719A23AA9005B13BA /* PJPreferenceWindowController.h */ = {isa = PBXFileReference; fileEncoding = 4; lastKnownFileType = sourcecode.c.h; name = PJPreferenceWindowController.h; path = Preference/PJPreferenceWindowController.h; sourceTree = "<group>"; };
		D7A5892819A23AA9005B13BA /* PJPreferenceWindowController.m */ = {isa = PBXFileReference; fileEncoding = 4; lastKnownFileType = sourcecode.c.objc; name = PJPreferenceWindowController.m; path = Preference/PJPreferenceWindowController.m; sourceTree = "<group>"; };
		D7A5892919A23AA9005B13BA /* PJPreferenceWindowController.xib */ = {isa = PBXFileReference; fileEncoding = 4; lastKnownFileType = file.xib; name = PJPreferenceWindowController.xib; path = Preference/PJPreferenceWindowController.xib; sourceTree = "<group>"; };
		D7A5892C19A23ABA005B13BA /* PJToolbarWindowController.h */ = {isa = PBXFileReference; fileEncoding = 4; lastKnownFileType = sourcecode.c.h; name = PJToolbarWindowController.h; path = Toolbar/PJToolbarWindowController.h; sourceTree = "<group>"; };
		D7A5892D19A23ABA005B13BA /* PJToolbarWindowController.m */ = {isa = PBXFileReference; fileEncoding = 4; lastKnownFileType = sourcecode.c.objc; name = PJToolbarWindowController.m; path = Toolbar/PJToolbarWindowController.m; sourceTree = "<group>"; };
		D7A5892E19A23ABA005B13BA /* PJToolbarWindowController.xib */ = {isa = PBXFileReference; fileEncoding = 4; lastKnownFileType = file.xib; name = PJToolbarWindowController.xib; path = Toolbar/PJToolbarWindowController.xib; sourceTree = "<group>"; };
		D7A5893119A23ACA005B13BA /* PJColorWindowController.h */ = {isa = PBXFileReference; fileEncoding = 4; lastKnownFileType = sourcecode.c.h; name = PJColorWindowController.h; path = Color/PJColorWindowController.h; sourceTree = "<group>"; };
		D7A5893219A23ACA005B13BA /* PJColorWindowController.m */ = {isa = PBXFileReference; fileEncoding = 4; lastKnownFileType = sourcecode.c.objc; name = PJColorWindowController.m; path = Color/PJColorWindowController.m; sourceTree = "<group>"; };
		D7A5893319A23ACA005B13BA /* PJColorWindowController.xib */ = {isa = PBXFileReference; fileEncoding = 4; lastKnownFileType = file.xib; name = PJColorWindowController.xib; path = Color/PJColorWindowController.xib; sourceTree = "<group>"; };
		D7A5893619A23AD9005B13BA /* PJSliderWindowController.h */ = {isa = PBXFileReference; fileEncoding = 4; lastKnownFileType = sourcecode.c.h; name = PJSliderWindowController.h; path = Slider/PJSliderWindowController.h; sourceTree = "<group>"; };
		D7A5893719A23AD9005B13BA /* PJSliderWindowController.m */ = {isa = PBXFileReference; fileEncoding = 4; lastKnownFileType = sourcecode.c.objc; name = PJSliderWindowController.m; path = Slider/PJSliderWindowController.m; sourceTree = "<group>"; };
		D7A5893819A23AD9005B13BA /* PJSliderWindowController.xib */ = {isa = PBXFileReference; fileEncoding = 4; lastKnownFileType = file.xib; name = PJSliderWindowController.xib; path = Slider/PJSliderWindowController.xib; sourceTree = "<group>"; };
		D7A5893B19A23AF2005B13BA /* PJProgressbarWindowController.h */ = {isa = PBXFileReference; fileEncoding = 4; lastKnownFileType = sourcecode.c.h; name = PJProgressbarWindowController.h; path = Progressbar/PJProgressbarWindowController.h; sourceTree = "<group>"; };
		D7A5893C19A23AF2005B13BA /* PJProgressbarWindowController.m */ = {isa = PBXFileReference; fileEncoding = 4; lastKnownFileType = sourcecode.c.objc; name = PJProgressbarWindowController.m; path = Progressbar/PJProgressbarWindowController.m; sourceTree = "<group>"; };
		D7A5893D19A23AF2005B13BA /* PJProgressbarWindowController.xib */ = {isa = PBXFileReference; fileEncoding = 4; lastKnownFileType = file.xib; name = PJProgressbarWindowController.xib; path = Progressbar/PJProgressbarWindowController.xib; sourceTree = "<group>"; };
		D7A5894019A23B04005B13BA /* PJOpenGLWindowController.h */ = {isa = PBXFileReference; fileEncoding = 4; lastKnownFileType = sourcecode.c.h; name = PJOpenGLWindowController.h; path = OpenGL/PJOpenGLWindowController.h; sourceTree = "<group>"; };
		D7A5894119A23B04005B13BA /* PJOpenGLWindowController.m */ = {isa = PBXFileReference; fileEncoding = 4; lastKnownFileType = sourcecode.c.objc; name = PJOpenGLWindowController.m; path = OpenGL/PJOpenGLWindowController.m; sourceTree = "<group>"; };
		D7A5894219A23B04005B13BA /* PJOpenGLWindowController.xib */ = {isa = PBXFileReference; fileEncoding = 4; lastKnownFileType = file.xib; name = PJOpenGLWindowController.xib; path = OpenGL/PJOpenGLWindowController.xib; sourceTree = "<group>"; };
		D7A5894519A23B19005B13BA /* PJAVIWindowController.h */ = {isa = PBXFileReference; fileEncoding = 4; lastKnownFileType = sourcecode.c.h; name = PJAVIWindowController.h; path = AVI/PJAVIWindowController.h; sourceTree = "<group>"; };
		D7A5894619A23B19005B13BA /* PJAVIWindowController.m */ = {isa = PBXFileReference; fileEncoding = 4; lastKnownFileType = sourcecode.c.objc; name = PJAVIWindowController.m; path = AVI/PJAVIWindowController.m; sourceTree = "<group>"; };
		D7A5894719A23B19005B13BA /* PJAVIWindowController.xib */ = {isa = PBXFileReference; fileEncoding = 4; lastKnownFileType = file.xib; name = PJAVIWindowController.xib; path = AVI/PJAVIWindowController.xib; sourceTree = "<group>"; };
		D7A5894A19A23B32005B13BA /* PJWebViewWindowController.h */ = {isa = PBXFileReference; fileEncoding = 4; lastKnownFileType = sourcecode.c.h; name = PJWebViewWindowController.h; path = WebView/PJWebViewWindowController.h; sourceTree = "<group>"; };
		D7A5894B19A23B32005B13BA /* PJWebViewWindowController.m */ = {isa = PBXFileReference; fileEncoding = 4; lastKnownFileType = sourcecode.c.objc; name = PJWebViewWindowController.m; path = WebView/PJWebViewWindowController.m; sourceTree = "<group>"; };
		D7A5894C19A23B32005B13BA /* PJWebViewWindowController.xib */ = {isa = PBXFileReference; fileEncoding = 4; lastKnownFileType = file.xib; name = PJWebViewWindowController.xib; path = WebView/PJWebViewWindowController.xib; sourceTree = "<group>"; };
		D7A5895019A23B9D005B13BA /* PJSidebarWindowController.h */ = {isa = PBXFileReference; fileEncoding = 4; lastKnownFileType = sourcecode.c.h; name = PJSidebarWindowController.h; path = Sidebar/PJSidebarWindowController.h; sourceTree = "<group>"; };
		D7A5895119A23B9D005B13BA /* PJSidebarWindowController.m */ = {isa = PBXFileReference; fileEncoding = 4; lastKnownFileType = sourcecode.c.objc; name = PJSidebarWindowController.m; path = Sidebar/PJSidebarWindowController.m; sourceTree = "<group>"; };
		D7A5895219A23B9D005B13BA /* PJSidebarWindowController.xib */ = {isa = PBXFileReference; fileEncoding = 4; lastKnownFileType = file.xib; name = PJSidebarWindowController.xib; path = Sidebar/PJSidebarWindowController.xib; sourceTree = "<group>"; };
		D7A5895619A23BCE005B13BA /* PJHighlightWindowController.h */ = {isa = PBXFileReference; fileEncoding = 4; lastKnownFileType = sourcecode.c.h; name = PJHighlightWindowController.h; path = Highlight/PJHighlightWindowController.h; sourceTree = "<group>"; };
		D7A5895719A23BCE005B13BA /* PJHighlightWindowController.m */ = {isa = PBXFileReference; fileEncoding = 4; lastKnownFileType = sourcecode.c.objc; name = PJHighlightWindowController.m; path = Highlight/PJHighlightWindowController.m; sourceTree = "<group>"; };
		D7A5895819A23BCE005B13BA /* PJHighlightWindowController.xib */ = {isa = PBXFileReference; fileEncoding = 4; lastKnownFileType = file.xib; name = PJHighlightWindowController.xib; path = Highlight/PJHighlightWindowController.xib; sourceTree = "<group>"; };
		D7A5895C19A23BEB005B13BA /* PJAnimationWindowController.h */ = {isa = PBXFileReference; fileEncoding = 4; lastKnownFileType = sourcecode.c.h; name = PJAnimationWindowController.h; path = Animation/PJAnimationWindowController.h; sourceTree = "<group>"; };
		D7A5895D19A23BEB005B13BA /* PJAnimationWindowController.m */ = {isa = PBXFileReference; fileEncoding = 4; lastKnownFileType = sourcecode.c.objc; name = PJAnimationWindowController.m; path = Animation/PJAnimationWindowController.m; sourceTree = "<group>"; };
		D7A5895E19A23BEB005B13BA /* PJAnimationWindowController.xib */ = {isa = PBXFileReference; fileEncoding = 4; lastKnownFileType = file.xib; name = PJAnimationWindowController.xib; path = Animation/PJAnimationWindowController.xib; sourceTree = "<group>"; };
		D7A5896219A23C32005B13BA /* PJBindingWindowController.h */ = {isa = PBXFileReference; fileEncoding = 4; lastKnownFileType = sourcecode.c.h; name = PJBindingWindowController.h; path = Binding/PJBindingWindowController.h; sourceTree = "<group>"; };
		D7A5896319A23C32005B13BA /* PJBindingWindowController.m */ = {isa = PBXFileReference; fileEncoding = 4; lastKnownFileType = sourcecode.c.objc; name = PJBindingWindowController.m; path = Binding/PJBindingWindowController.m; sourceTree = "<group>"; };
		D7A5896419A23C32005B13BA /* PJBindingWindowController.xib */ = {isa = PBXFileReference; fileEncoding = 4; lastKnownFileType = file.xib; name = PJBindingWindowController.xib; path = Binding/PJBindingWindowController.xib; sourceTree = "<group>"; };
/* End PBXFileReference section */

/* Begin PBXFrameworksBuildPhase section */
		D7A5889B19A23634005B13BA /* Frameworks */ = {
			isa = PBXFrameworksBuildPhase;
			buildActionMask = 2147483647;
			files = (
				D7A588A219A23634005B13BA /* Cocoa.framework in Frameworks */,
			);
			runOnlyForDeploymentPostprocessing = 0;
		};
		D7A588BC19A23634005B13BA /* Frameworks */ = {
			isa = PBXFrameworksBuildPhase;
			buildActionMask = 2147483647;
			files = (
				D7A588C219A23634005B13BA /* Cocoa.framework in Frameworks */,
				D7A588C119A23634005B13BA /* XCTest.framework in Frameworks */,
			);
			runOnlyForDeploymentPostprocessing = 0;
		};
/* End PBXFrameworksBuildPhase section */

/* Begin PBXGroup section */
		D7A5889519A23634005B13BA = {
			isa = PBXGroup;
			children = (
				D7A588A719A23634005B13BA /* CocoaControls */,
				D7A588C519A23634005B13BA /* CocoaControlsTests */,
				D7A588A019A23634005B13BA /* Frameworks */,
				D7A5889F19A23634005B13BA /* Products */,
			);
			sourceTree = "<group>";
		};
		D7A5889F19A23634005B13BA /* Products */ = {
			isa = PBXGroup;
			children = (
				D7A5889E19A23634005B13BA /* CocoaControls.app */,
				D7A588BF19A23634005B13BA /* CocoaControlsTests.xctest */,
			);
			name = Products;
			sourceTree = "<group>";
		};
		D7A588A019A23634005B13BA /* Frameworks */ = {
			isa = PBXGroup;
			children = (
				D7A588A119A23634005B13BA /* Cocoa.framework */,
				D7A588C019A23634005B13BA /* XCTest.framework */,
				D7A588A319A23634005B13BA /* Other Frameworks */,
			);
			name = Frameworks;
			sourceTree = "<group>";
		};
		D7A588A319A23634005B13BA /* Other Frameworks */ = {
			isa = PBXGroup;
			children = (
				D7A588A419A23634005B13BA /* AppKit.framework */,
				D7A588A519A23634005B13BA /* CoreData.framework */,
				D7A588A619A23634005B13BA /* Foundation.framework */,
			);
			name = "Other Frameworks";
			sourceTree = "<group>";
		};
		D7A588A719A23634005B13BA /* CocoaControls */ = {
			isa = PBXGroup;
			children = (
				D7A5896119A23BF0005B13BA /* Binding */,
				D7A5895B19A23BD4005B13BA /* Animation */,
				D7A5895519A23BB5005B13BA /* Highlight */,
				D7A5894F19A23B88005B13BA /* Sidebar */,
				D7A588E819A2374C005B13BA /* WebView */,
				D7A588E719A236F4005B13BA /* AVI */,
				D7A588E619A236E8005B13BA /* OpenGL */,
				D7A588E519A236C5005B13BA /* Progressbar */,
				D7A588E419A236C0005B13BA /* Slider */,
				D7A588E319A236BA005B13BA /* Color */,
				D7A588E219A236A6005B13BA /* Toolbar */,
				D7A588E119A2369D005B13BA /* Preference */,
				D7A588E019A23696005B13BA /* Nav */,
				D7A588DF19A23691005B13BA /* Window */,
				D7A588DE19A2368C005B13BA /* Tab */,
				D7A588DD19A23680005B13BA /* DnD */,
				D7A588DC19A2367B005B13BA /* Image */,
				D7A588DB19A23675005B13BA /* View */,
				D7A588DA19A2366F005B13BA /* Collection */,
				D7A588D919A2366A005B13BA /* List */,
				D7A588D819A2365C005B13BA /* Table */,
				D7A588D719A23656005B13BA /* Menu */,
				D7A588D619A2364D005B13BA /* Text */,
				D7A588D519A2363B005B13BA /* Button */,
				D7A588B319A23634005B13BA /* PJAppDelegate.h */,
				D7A588B419A23634005B13BA /* PJAppDelegate.m */,
				D7A588B619A23634005B13BA /* MainMenu.xib */,
				D7A588B919A23634005B13BA /* Images.xcassets */,
				D7A588A819A23634005B13BA /* Supporting Files */,
			);
			path = CocoaControls;
			sourceTree = "<group>";
		};
		D7A588A819A23634005B13BA /* Supporting Files */ = {
			isa = PBXGroup;
			children = (
				D7A588A919A23634005B13BA /* CocoaControls-Info.plist */,
				D7A588AA19A23634005B13BA /* InfoPlist.strings */,
				D7A588AD19A23634005B13BA /* main.m */,
				D7A588AF19A23634005B13BA /* CocoaControls-Prefix.pch */,
				D7A588B019A23634005B13BA /* Credits.rtf */,
				D7A588E919A237F4005B13BA /* windows.plist */,
			);
			name = "Supporting Files";
			sourceTree = "<group>";
		};
		D7A588C519A23634005B13BA /* CocoaControlsTests */ = {
			isa = PBXGroup;
			children = (
				D7A588CB19A23634005B13BA /* CocoaControlsTests.m */,
				D7A588C619A23634005B13BA /* Supporting Files */,
			);
			path = CocoaControlsTests;
			sourceTree = "<group>";
		};
		D7A588C619A23634005B13BA /* Supporting Files */ = {
			isa = PBXGroup;
			children = (
				D7A588C719A23634005B13BA /* CocoaControlsTests-Info.plist */,
				D7A588C819A23634005B13BA /* InfoPlist.strings */,
			);
			name = "Supporting Files";
			sourceTree = "<group>";
		};
		D7A588D519A2363B005B13BA /* Button */ = {
			isa = PBXGroup;
			children = (
				D7A588EB19A238CE005B13BA /* PJButtonWindowController.h */,
				D7A588EC19A238CE005B13BA /* PJButtonWindowController.m */,
				D7A588ED19A238CE005B13BA /* PJButtonWindowController.xib */,
			);
			name = Button;
			sourceTree = "<group>";
		};
		D7A588D619A2364D005B13BA /* Text */ = {
			isa = PBXGroup;
			children = (
				D7A588F019A239E3005B13BA /* PJTextWindowController.h */,
				D7A588F119A239E3005B13BA /* PJTextWindowController.m */,
				D7A588F219A239E3005B13BA /* PJTextWindowController.xib */,
			);
			name = Text;
			sourceTree = "<group>";
		};
		D7A588D719A23656005B13BA /* Menu */ = {
			isa = PBXGroup;
			children = (
				D7A588F519A239F5005B13BA /* PJMenuWindowController.h */,
				D7A588F619A239F5005B13BA /* PJMenuWindowController.m */,
				D7A588F719A239F5005B13BA /* PJMenuWindowController.xib */,
			);
			name = Menu;
			sourceTree = "<group>";
		};
		D7A588D819A2365C005B13BA /* Table */ = {
			isa = PBXGroup;
			children = (
				D7A588FA19A23A05005B13BA /* PJTableWindowController.h */,
				D7A588FB19A23A05005B13BA /* PJTableWindowController.m */,
				D7A588FC19A23A05005B13BA /* PJTableWindowController.xib */,
			);
			name = Table;
			sourceTree = "<group>";
		};
		D7A588D919A2366A005B13BA /* List */ = {
			isa = PBXGroup;
			children = (
				D7A588FF19A23A15005B13BA /* PJListWindowController.h */,
				D7A5890019A23A15005B13BA /* PJListWindowController.m */,
				D7A5890119A23A15005B13BA /* PJListWindowController.xib */,
			);
			name = List;
			sourceTree = "<group>";
		};
		D7A588DA19A2366F005B13BA /* Collection */ = {
			isa = PBXGroup;
			children = (
				D7A5890419A23A27005B13BA /* PJCollectionWindowController.h */,
				D7A5890519A23A27005B13BA /* PJCollectionWindowController.m */,
				D7A5890619A23A27005B13BA /* PJCollectionWindowController.xib */,
			);
			name = Collection;
			sourceTree = "<group>";
		};
		D7A588DB19A23675005B13BA /* View */ = {
			isa = PBXGroup;
			children = (
				D7A5890919A23A38005B13BA /* PJViewWindowController.h */,
				D7A5890A19A23A38005B13BA /* PJViewWindowController.m */,
				D7A5890B19A23A38005B13BA /* PJViewWindowController.xib */,
			);
			name = View;
			sourceTree = "<group>";
		};
		D7A588DC19A2367B005B13BA /* Image */ = {
			isa = PBXGroup;
			children = (
				D7A5890E19A23A4B005B13BA /* PJImageWindowController.h */,
				D7A5890F19A23A4B005B13BA /* PJImageWindowController.m */,
				D7A5891019A23A4B005B13BA /* PJImageWindowController.xib */,
			);
			name = Image;
			sourceTree = "<group>";
		};
		D7A588DD19A23680005B13BA /* DnD */ = {
			isa = PBXGroup;
			children = (
				D7A5891319A23A5F005B13BA /* PJDnDWindowController.h */,
				D7A5891419A23A5F005B13BA /* PJDnDWindowController.m */,
				D7A5891519A23A5F005B13BA /* PJDnDWindowController.xib */,
			);
			name = DnD;
			sourceTree = "<group>";
		};
		D7A588DE19A2368C005B13BA /* Tab */ = {
			isa = PBXGroup;
			children = (
				D7A5891819A23A6F005B13BA /* PJTabWindowController.h */,
				D7A5891919A23A6F005B13BA /* PJTabWindowController.m */,
				D7A5891A19A23A6F005B13BA /* PJTabWindowController.xib */,
			);
			name = Tab;
			sourceTree = "<group>";
		};
		D7A588DF19A23691005B13BA /* Window */ = {
			isa = PBXGroup;
			children = (
				D7A5891D19A23A81005B13BA /* PJWindowWindowController.h */,
				D7A5891E19A23A81005B13BA /* PJWindowWindowController.m */,
				D7A5891F19A23A81005B13BA /* PJWindowWindowController.xib */,
			);
			name = Window;
			sourceTree = "<group>";
		};
		D7A588E019A23696005B13BA /* Nav */ = {
			isa = PBXGroup;
			children = (
				D7A5892219A23A91005B13BA /* PJNavWindowController.h */,
				D7A5892319A23A91005B13BA /* PJNavWindowController.m */,
				D7A5892419A23A91005B13BA /* PJNavWindowController.xib */,
			);
			name = Nav;
			sourceTree = "<group>";
		};
		D7A588E119A2369D005B13BA /* Preference */ = {
			isa = PBXGroup;
			children = (
				D7A5892719A23AA9005B13BA /* PJPreferenceWindowController.h */,
				D7A5892819A23AA9005B13BA /* PJPreferenceWindowController.m */,
				D7A5892919A23AA9005B13BA /* PJPreferenceWindowController.xib */,
			);
			name = Preference;
			sourceTree = "<group>";
		};
		D7A588E219A236A6005B13BA /* Toolbar */ = {
			isa = PBXGroup;
			children = (
				D7A5892C19A23ABA005B13BA /* PJToolbarWindowController.h */,
				D7A5892D19A23ABA005B13BA /* PJToolbarWindowController.m */,
				D7A5892E19A23ABA005B13BA /* PJToolbarWindowController.xib */,
			);
			name = Toolbar;
			sourceTree = "<group>";
		};
		D7A588E319A236BA005B13BA /* Color */ = {
			isa = PBXGroup;
			children = (
				D7A5893119A23ACA005B13BA /* PJColorWindowController.h */,
				D7A5893219A23ACA005B13BA /* PJColorWindowController.m */,
				D7A5893319A23ACA005B13BA /* PJColorWindowController.xib */,
			);
			name = Color;
			sourceTree = "<group>";
		};
		D7A588E419A236C0005B13BA /* Slider */ = {
			isa = PBXGroup;
			children = (
				D7A5893619A23AD9005B13BA /* PJSliderWindowController.h */,
				D7A5893719A23AD9005B13BA /* PJSliderWindowController.m */,
				D7A5893819A23AD9005B13BA /* PJSliderWindowController.xib */,
			);
			name = Slider;
			sourceTree = "<group>";
		};
		D7A588E519A236C5005B13BA /* Progressbar */ = {
			isa = PBXGroup;
			children = (
				D7A5893B19A23AF2005B13BA /* PJProgressbarWindowController.h */,
				D7A5893C19A23AF2005B13BA /* PJProgressbarWindowController.m */,
				D7A5893D19A23AF2005B13BA /* PJProgressbarWindowController.xib */,
			);
			name = Progressbar;
			sourceTree = "<group>";
		};
		D7A588E619A236E8005B13BA /* OpenGL */ = {
			isa = PBXGroup;
			children = (
				D7A5894019A23B04005B13BA /* PJOpenGLWindowController.h */,
				D7A5894119A23B04005B13BA /* PJOpenGLWindowController.m */,
				D7A5894219A23B04005B13BA /* PJOpenGLWindowController.xib */,
			);
			name = OpenGL;
			sourceTree = "<group>";
		};
		D7A588E719A236F4005B13BA /* AVI */ = {
			isa = PBXGroup;
			children = (
				D7A5894519A23B19005B13BA /* PJAVIWindowController.h */,
				D7A5894619A23B19005B13BA /* PJAVIWindowController.m */,
				D7A5894719A23B19005B13BA /* PJAVIWindowController.xib */,
			);
			name = AVI;
			sourceTree = "<group>";
		};
		D7A588E819A2374C005B13BA /* WebView */ = {
			isa = PBXGroup;
			children = (
				D7A5894A19A23B32005B13BA /* PJWebViewWindowController.h */,
				D7A5894B19A23B32005B13BA /* PJWebViewWindowController.m */,
				D7A5894C19A23B32005B13BA /* PJWebViewWindowController.xib */,
			);
			name = WebView;
			sourceTree = "<group>";
		};
		D7A5894F19A23B88005B13BA /* Sidebar */ = {
			isa = PBXGroup;
			children = (
				D7A5895019A23B9D005B13BA /* PJSidebarWindowController.h */,
				D7A5895119A23B9D005B13BA /* PJSidebarWindowController.m */,
				D7A5895219A23B9D005B13BA /* PJSidebarWindowController.xib */,
			);
			name = Sidebar;
			sourceTree = "<group>";
		};
		D7A5895519A23BB5005B13BA /* Highlight */ = {
			isa = PBXGroup;
			children = (
				D7A5895619A23BCE005B13BA /* PJHighlightWindowController.h */,
				D7A5895719A23BCE005B13BA /* PJHighlightWindowController.m */,
				D7A5895819A23BCE005B13BA /* PJHighlightWindowController.xib */,
			);
			name = Highlight;
			sourceTree = "<group>";
		};
		D7A5895B19A23BD4005B13BA /* Animation */ = {
			isa = PBXGroup;
			children = (
				D7A5895C19A23BEB005B13BA /* PJAnimationWindowController.h */,
				D7A5895D19A23BEB005B13BA /* PJAnimationWindowController.m */,
				D7A5895E19A23BEB005B13BA /* PJAnimationWindowController.xib */,
			);
			name = Animation;
			sourceTree = "<group>";
		};
		D7A5896119A23BF0005B13BA /* Binding */ = {
			isa = PBXGroup;
			children = (
				D7A5896219A23C32005B13BA /* PJBindingWindowController.h */,
				D7A5896319A23C32005B13BA /* PJBindingWindowController.m */,
				D7A5896419A23C32005B13BA /* PJBindingWindowController.xib */,
			);
			name = Binding;
			sourceTree = "<group>";
		};
/* End PBXGroup section */

/* Begin PBXNativeTarget section */
		D7A5889D19A23634005B13BA /* CocoaControls */ = {
			isa = PBXNativeTarget;
			buildConfigurationList = D7A588CF19A23634005B13BA /* Build configuration list for PBXNativeTarget "CocoaControls" */;
			buildPhases = (
				D7A5889A19A23634005B13BA /* Sources */,
				D7A5889B19A23634005B13BA /* Frameworks */,
				D7A5889C19A23634005B13BA /* Resources */,
			);
			buildRules = (
			);
			dependencies = (
			);
			name = CocoaControls;
			productName = CocoaControls;
			productReference = D7A5889E19A23634005B13BA /* CocoaControls.app */;
			productType = "com.apple.product-type.application";
		};
		D7A588BE19A23634005B13BA /* CocoaControlsTests */ = {
			isa = PBXNativeTarget;
			buildConfigurationList = D7A588D219A23634005B13BA /* Build configuration list for PBXNativeTarget "CocoaControlsTests" */;
			buildPhases = (
				D7A588BB19A23634005B13BA /* Sources */,
				D7A588BC19A23634005B13BA /* Frameworks */,
				D7A588BD19A23634005B13BA /* Resources */,
			);
			buildRules = (
			);
			dependencies = (
				D7A588C419A23634005B13BA /* PBXTargetDependency */,
			);
			name = CocoaControlsTests;
			productName = CocoaControlsTests;
			productReference = D7A588BF19A23634005B13BA /* CocoaControlsTests.xctest */;
			productType = "com.apple.product-type.bundle.unit-test";
		};
/* End PBXNativeTarget section */

/* Begin PBXProject section */
		D7A5889619A23634005B13BA /* Project object */ = {
			isa = PBXProject;
			attributes = {
				CLASSPREFIX = PJ;
				LastUpgradeCheck = 0510;
				ORGANIZATIONNAME = "___FULLUSERNAME___";
				TargetAttributes = {
					D7A588BE19A23634005B13BA = {
						TestTargetID = D7A5889D19A23634005B13BA;
					};
				};
			};
			buildConfigurationList = D7A5889919A23634005B13BA /* Build configuration list for PBXProject "CocoaControls" */;
			compatibilityVersion = "Xcode 3.2";
			developmentRegion = English;
			hasScannedForEncodings = 0;
			knownRegions = (
				en,
				Base,
			);
			mainGroup = D7A5889519A23634005B13BA;
			productRefGroup = D7A5889F19A23634005B13BA /* Products */;
			projectDirPath = "";
			projectRoot = "";
			targets = (
				D7A5889D19A23634005B13BA /* CocoaControls */,
				D7A588BE19A23634005B13BA /* CocoaControlsTests */,
			);
		};
/* End PBXProject section */

/* Begin PBXResourcesBuildPhase section */
		D7A5889C19A23634005B13BA /* Resources */ = {
			isa = PBXResourcesBuildPhase;
			buildActionMask = 2147483647;
			files = (
				D7A5894919A23B19005B13BA /* PJAVIWindowController.xib in Resources */,
				D7A588AC19A23634005B13BA /* InfoPlist.strings in Resources */,
				D7A5890319A23A15005B13BA /* PJListWindowController.xib in Resources */,
				D7A5893019A23ABA005B13BA /* PJToolbarWindowController.xib in Resources */,
				D7A5893A19A23AD9005B13BA /* PJSliderWindowController.xib in Resources */,
				D7A5895A19A23BCE005B13BA /* PJHighlightWindowController.xib in Resources */,
				D7A588EF19A238CE005B13BA /* PJButtonWindowController.xib in Resources */,
				D7A5896619A23C32005B13BA /* PJBindingWindowController.xib in Resources */,
				D7A588EA19A237F4005B13BA /* windows.plist in Resources */,
				D7A5893519A23ACA005B13BA /* PJColorWindowController.xib in Resources */,
				D7A5894419A23B04005B13BA /* PJOpenGLWindowController.xib in Resources */,
				D7A5890D19A23A38005B13BA /* PJViewWindowController.xib in Resources */,
				D7A5893F19A23AF2005B13BA /* PJProgressbarWindowController.xib in Resources */,
				D7A5892619A23A91005B13BA /* PJNavWindowController.xib in Resources */,
				D7A5892B19A23AA9005B13BA /* PJPreferenceWindowController.xib in Resources */,
				D7A588FE19A23A05005B13BA /* PJTableWindowController.xib in Resources */,
				D7A588BA19A23634005B13BA /* Images.xcassets in Resources */,
				D7A588F419A239E3005B13BA /* PJTextWindowController.xib in Resources */,
				D7A5891219A23A4B005B13BA /* PJImageWindowController.xib in Resources */,
				D7A5896019A23BEB005B13BA /* PJAnimationWindowController.xib in Resources */,
				D7A588B219A23634005B13BA /* Credits.rtf in Resources */,
				D7A5891719A23A5F005B13BA /* PJDnDWindowController.xib in Resources */,
				D7A5892119A23A81005B13BA /* PJWindowWindowController.xib in Resources */,
				D7A5890819A23A27005B13BA /* PJCollectionWindowController.xib in Resources */,
				D7A5891C19A23A6F005B13BA /* PJTabWindowController.xib in Resources */,
				D7A5895419A23B9D005B13BA /* PJSidebarWindowController.xib in Resources */,
				D7A588F919A239F5005B13BA /* PJMenuWindowController.xib in Resources */,
				D7A5894E19A23B32005B13BA /* PJWebViewWindowController.xib in Resources */,
				D7A588B819A23634005B13BA /* MainMenu.xib in Resources */,
			);
			runOnlyForDeploymentPostprocessing = 0;
		};
		D7A588BD19A23634005B13BA /* Resources */ = {
			isa = PBXResourcesBuildPhase;
			buildActionMask = 2147483647;
			files = (
				D7A588CA19A23634005B13BA /* InfoPlist.strings in Resources */,
			);
			runOnlyForDeploymentPostprocessing = 0;
		};
/* End PBXResourcesBuildPhase section */

/* Begin PBXSourcesBuildPhase section */
		D7A5889A19A23634005B13BA /* Sources */ = {
			isa = PBXSourcesBuildPhase;
			buildActionMask = 2147483647;
			files = (
				D7A5892A19A23AA9005B13BA /* PJPreferenceWindowController.m in Sources */,
				D7A5896519A23C32005B13BA /* PJBindingWindowController.m in Sources */,
				D7A5895F19A23BEB005B13BA /* PJAnimationWindowController.m in Sources */,
				D7A588F819A239F5005B13BA /* PJMenuWindowController.m in Sources */,
				D7A5893919A23AD9005B13BA /* PJSliderWindowController.m in Sources */,
				D7A5891619A23A5F005B13BA /* PJDnDWindowController.m in Sources */,
				D7A5894819A23B19005B13BA /* PJAVIWindowController.m in Sources */,
				D7A588EE19A238CE005B13BA /* PJButtonWindowController.m in Sources */,
				D7A5890C19A23A38005B13BA /* PJViewWindowController.m in Sources */,
				D7A588B519A23634005B13BA /* PJAppDelegate.m in Sources */,
				D7A5890719A23A27005B13BA /* PJCollectionWindowController.m in Sources */,
				D7A5893419A23ACA005B13BA /* PJColorWindowController.m in Sources */,
				D7A588F319A239E3005B13BA /* PJTextWindowController.m in Sources */,
				D7A5894D19A23B32005B13BA /* PJWebViewWindowController.m in Sources */,
				D7A5891B19A23A6F005B13BA /* PJTabWindowController.m in Sources */,
				D7A5892019A23A81005B13BA /* PJWindowWindowController.m in Sources */,
				D7A5894319A23B04005B13BA /* PJOpenGLWindowController.m in Sources */,
				D7A5893E19A23AF2005B13BA /* PJProgressbarWindowController.m in Sources */,
				D7A5890219A23A15005B13BA /* PJListWindowController.m in Sources */,
				D7A5895319A23B9D005B13BA /* PJSidebarWindowController.m in Sources */,
				D7A5891119A23A4B005B13BA /* PJImageWindowController.m in Sources */,
				D7A588FD19A23A05005B13BA /* PJTableWindowController.m in Sources */,
				D7A588AE19A23634005B13BA /* main.m in Sources */,
				D7A5892519A23A91005B13BA /* PJNavWindowController.m in Sources */,
				D7A5895919A23BCE005B13BA /* PJHighlightWindowController.m in Sources */,
				D7A5892F19A23ABA005B13BA /* PJToolbarWindowController.m in Sources */,
			);
			runOnlyForDeploymentPostprocessing = 0;
		};
		D7A588BB19A23634005B13BA /* Sources */ = {
			isa = PBXSourcesBuildPhase;
			buildActionMask = 2147483647;
			files = (
				D7A588CC19A23634005B13BA /* CocoaControlsTests.m in Sources */,
			);
			runOnlyForDeploymentPostprocessing = 0;
		};
/* End PBXSourcesBuildPhase section */

/* Begin PBXTargetDependency section */
		D7A588C419A23634005B13BA /* PBXTargetDependency */ = {
			isa = PBXTargetDependency;
			target = D7A5889D19A23634005B13BA /* CocoaControls */;
			targetProxy = D7A588C319A23634005B13BA /* PBXContainerItemProxy */;
		};
/* End PBXTargetDependency section */

/* Begin PBXVariantGroup section */
		D7A588AA19A23634005B13BA /* InfoPlist.strings */ = {
			isa = PBXVariantGroup;
			children = (
				D7A588AB19A23634005B13BA /* en */,
			);
			name = InfoPlist.strings;
			sourceTree = "<group>";
		};
		D7A588B019A23634005B13BA /* Credits.rtf */ = {
			isa = PBXVariantGroup;
			children = (
				D7A588B119A23634005B13BA /* en */,
			);
			name = Credits.rtf;
			sourceTree = "<group>";
		};
		D7A588B619A23634005B13BA /* MainMenu.xib */ = {
			isa = PBXVariantGroup;
			children = (
				D7A588B719A23634005B13BA /* Base */,
			);
			name = MainMenu.xib;
			sourceTree = "<group>";
		};
		D7A588C819A23634005B13BA /* InfoPlist.strings */ = {
			isa = PBXVariantGroup;
			children = (
				D7A588C919A23634005B13BA /* en */,
			);
			name = InfoPlist.strings;
			sourceTree = "<group>";
		};
/* End PBXVariantGroup section */

/* Begin XCBuildConfiguration section */
		D7A588CD19A23634005B13BA /* Debug */ = {
			isa = XCBuildConfiguration;
			buildSettings = {
				ALWAYS_SEARCH_USER_PATHS = NO;
				CLANG_CXX_LANGUAGE_STANDARD = "gnu++0x";
				CLANG_CXX_LIBRARY = "libc++";
				CLANG_ENABLE_MODULES = YES;
				CLANG_ENABLE_OBJC_ARC = YES;
				CLANG_WARN_BOOL_CONVERSION = YES;
				CLANG_WARN_CONSTANT_CONVERSION = YES;
				CLANG_WARN_DIRECT_OBJC_ISA_USAGE = YES_ERROR;
				CLANG_WARN_EMPTY_BODY = YES;
				CLANG_WARN_ENUM_CONVERSION = YES;
				CLANG_WARN_INT_CONVERSION = YES;
				CLANG_WARN_OBJC_ROOT_CLASS = YES_ERROR;
				CLANG_WARN__DUPLICATE_METHOD_MATCH = YES;
				COPY_PHASE_STRIP = NO;
				GCC_C_LANGUAGE_STANDARD = gnu99;
				GCC_DYNAMIC_NO_PIC = NO;
				GCC_ENABLE_OBJC_EXCEPTIONS = YES;
				GCC_OPTIMIZATION_LEVEL = 0;
				GCC_PREPROCESSOR_DEFINITIONS = (
					"DEBUG=1",
					"$(inherited)",
				);
				GCC_SYMBOLS_PRIVATE_EXTERN = NO;
				GCC_WARN_64_TO_32_BIT_CONVERSION = YES;
				GCC_WARN_ABOUT_RETURN_TYPE = YES_ERROR;
				GCC_WARN_UNDECLARED_SELECTOR = YES;
				GCC_WARN_UNINITIALIZED_AUTOS = YES_AGGRESSIVE;
				GCC_WARN_UNUSED_FUNCTION = YES;
				GCC_WARN_UNUSED_VARIABLE = YES;
				MACOSX_DEPLOYMENT_TARGET = 10.9;
				ONLY_ACTIVE_ARCH = YES;
				SDKROOT = macosx;
			};
			name = Debug;
		};
		D7A588CE19A23634005B13BA /* Release */ = {
			isa = XCBuildConfiguration;
			buildSettings = {
				ALWAYS_SEARCH_USER_PATHS = NO;
				CLANG_CXX_LANGUAGE_STANDARD = "gnu++0x";
				CLANG_CXX_LIBRARY = "libc++";
				CLANG_ENABLE_MODULES = YES;
				CLANG_ENABLE_OBJC_ARC = YES;
				CLANG_WARN_BOOL_CONVERSION = YES;
				CLANG_WARN_CONSTANT_CONVERSION = YES;
				CLANG_WARN_DIRECT_OBJC_ISA_USAGE = YES_ERROR;
				CLANG_WARN_EMPTY_BODY = YES;
				CLANG_WARN_ENUM_CONVERSION = YES;
				CLANG_WARN_INT_CONVERSION = YES;
				CLANG_WARN_OBJC_ROOT_CLASS = YES_ERROR;
				CLANG_WARN__DUPLICATE_METHOD_MATCH = YES;
				COPY_PHASE_STRIP = YES;
				DEBUG_INFORMATION_FORMAT = "dwarf-with-dsym";
				ENABLE_NS_ASSERTIONS = NO;
				GCC_C_LANGUAGE_STANDARD = gnu99;
				GCC_ENABLE_OBJC_EXCEPTIONS = YES;
				GCC_WARN_64_TO_32_BIT_CONVERSION = YES;
				GCC_WARN_ABOUT_RETURN_TYPE = YES_ERROR;
				GCC_WARN_UNDECLARED_SELECTOR = YES;
				GCC_WARN_UNINITIALIZED_AUTOS = YES_AGGRESSIVE;
				GCC_WARN_UNUSED_FUNCTION = YES;
				GCC_WARN_UNUSED_VARIABLE = YES;
				MACOSX_DEPLOYMENT_TARGET = 10.9;
				SDKROOT = macosx;
			};
			name = Release;
		};
		D7A588D019A23634005B13BA /* Debug */ = {
			isa = XCBuildConfiguration;
			buildSettings = {
				ASSETCATALOG_COMPILER_APPICON_NAME = AppIcon;
				COMBINE_HIDPI_IMAGES = YES;
				GCC_PRECOMPILE_PREFIX_HEADER = YES;
				GCC_PREFIX_HEADER = "CocoaControls/CocoaControls-Prefix.pch";
				INFOPLIST_FILE = "CocoaControls/CocoaControls-Info.plist";
				PRODUCT_NAME = "$(TARGET_NAME)";
				WRAPPER_EXTENSION = app;
			};
			name = Debug;
		};
		D7A588D119A23634005B13BA /* Release */ = {
			isa = XCBuildConfiguration;
			buildSettings = {
				ASSETCATALOG_COMPILER_APPICON_NAME = AppIcon;
				COMBINE_HIDPI_IMAGES = YES;
				GCC_PRECOMPILE_PREFIX_HEADER = YES;
				GCC_PREFIX_HEADER = "CocoaControls/CocoaControls-Prefix.pch";
				INFOPLIST_FILE = "CocoaControls/CocoaControls-Info.plist";
				PRODUCT_NAME = "$(TARGET_NAME)";
				WRAPPER_EXTENSION = app;
			};
			name = Release;
		};
		D7A588D319A23634005B13BA /* Debug */ = {
			isa = XCBuildConfiguration;
			buildSettings = {
				BUNDLE_LOADER = "$(BUILT_PRODUCTS_DIR)/CocoaControls.app/Contents/MacOS/CocoaControls";
				COMBINE_HIDPI_IMAGES = YES;
				FRAMEWORK_SEARCH_PATHS = (
					"$(DEVELOPER_FRAMEWORKS_DIR)",
					"$(inherited)",
				);
				GCC_PRECOMPILE_PREFIX_HEADER = YES;
				GCC_PREFIX_HEADER = "CocoaControls/CocoaControls-Prefix.pch";
				GCC_PREPROCESSOR_DEFINITIONS = (
					"DEBUG=1",
					"$(inherited)",
				);
				INFOPLIST_FILE = "CocoaControlsTests/CocoaControlsTests-Info.plist";
				PRODUCT_NAME = "$(TARGET_NAME)";
				TEST_HOST = "$(BUNDLE_LOADER)";
				WRAPPER_EXTENSION = xctest;
			};
			name = Debug;
		};
		D7A588D419A23634005B13BA /* Release */ = {
			isa = XCBuildConfiguration;
			buildSettings = {
				BUNDLE_LOADER = "$(BUILT_PRODUCTS_DIR)/CocoaControls.app/Contents/MacOS/CocoaControls";
				COMBINE_HIDPI_IMAGES = YES;
				FRAMEWORK_SEARCH_PATHS = (
					"$(DEVELOPER_FRAMEWORKS_DIR)",
					"$(inherited)",
				);
				GCC_PRECOMPILE_PREFIX_HEADER = YES;
				GCC_PREFIX_HEADER = "CocoaControls/CocoaControls-Prefix.pch";
				INFOPLIST_FILE = "CocoaControlsTests/CocoaControlsTests-Info.plist";
				PRODUCT_NAME = "$(TARGET_NAME)";
				TEST_HOST = "$(BUNDLE_LOADER)";
				WRAPPER_EXTENSION = xctest;
			};
			name = Release;
		};
/* End XCBuildConfiguration section */

/* Begin XCConfigurationList section */
		D7A5889919A23634005B13BA /* Build configuration list for PBXProject "CocoaControls" */ = {
			isa = XCConfigurationList;
			buildConfigurations = (
				D7A588CD19A23634005B13BA /* Debug */,
				D7A588CE19A23634005B13BA /* Release */,
			);
			defaultConfigurationIsVisible = 0;
			defaultConfigurationName = Release;
		};
		D7A588CF19A23634005B13BA /* Build configuration list for PBXNativeTarget "CocoaControls" */ = {
			isa = XCConfigurationList;
			buildConfigurations = (
				D7A588D019A23634005B13BA /* Debug */,
				D7A588D119A23634005B13BA /* Release */,
			);
			defaultConfigurationIsVisible = 0;
		};
		D7A588D219A23634005B13BA /* Build configuration list for PBXNativeTarget "CocoaControlsTests" */ = {
			isa = XCConfigurationList;
			buildConfigurations = (
				D7A588D319A23634005B13BA /* Debug */,
				D7A588D419A23634005B13BA /* Release */,
			);
			defaultConfigurationIsVisible = 0;
		};
/* End XCConfigurationList section */
	};
	rootObject = D7A5889619A23634005B13BA /* Project object */;
}
